
Microsoft Visual Studio Solution File, Format Version 12.00
# Visual Studio Version 17
VisualStudioVersion = 17.11.35312.102
MinimumVisualStudioVersion = 10.0.40219.1
Project("{FAE04EC0-301F-11D3-BF4B-00C04F79EFBC}") = "Dahla_NguoiDung", "Dahla_NguoiDung\Dahla_NguoiDung.csproj", "{4C5F1830-F6FC-4907-A6E6-4D479D7FB0E3}"
EndProject
Project("{FAE04EC0-301F-11D3-BF4B-00C04F79EFBC}") = "BLL", "BLL\BLL.csproj", "{95DD2D6C-69C3-4F63-9338-D23A808910C8}"
EndProject
Project("{FAE04EC0-301F-11D3-BF4B-00C04F79EFBC}") = "DAL", "DAL\DAL.csproj", "{88819FE6-E6BA-4FD9-8BED-79F1714DFEF7}"
EndProject
Project("{FAE04EC0-301F-11D3-BF4B-00C04F79EFBC}") = "Model", "Model\Model.csproj", "{7CC5BBB5-754C-4761-85C8-7B088B34F3DF}"
EndProject
Global
	GlobalSection(SolutionConfigurationPlatforms) = preSolution
		Debug|Any CPU = Debug|Any CPU
		Release|Any CPU = Release|Any CPU
	EndGlobalSection
	GlobalSection(ProjectConfigurationPlatforms) = postSolution
		{4C5F1830-F6FC-4907-A6E6-4D479D7FB0E3}.Debug|Any CPU.ActiveCfg = Debug|Any CPU
		{4C5F1830-F6FC-4907-A6E6-4D479D7FB0E3}.Debug|Any CPU.Build.0 = Debug|Any CPU
		{4C5F1830-F6FC-4907-A6E6-4D479D7FB0E3}.Release|Any CPU.ActiveCfg = Release|Any CPU
		{4C5F1830-F6FC-4907-A6E6-4D479D7FB0E3}.Release|Any CPU.Build.0 = Release|Any CPU
		{95DD2D6C-69C3-4F63-9338-D23A808910C8}.Debug|Any CPU.ActiveCfg = Debug|Any CPU
		{95DD2D6C-69C3-4F63-9338-D23A808910C8}.Debug|Any CPU.Build.0 = Debug|Any CPU
		{95DD2D6C-69C3-4F63-9338-D23A808910C8}.Release|Any CPU.ActiveCfg = Release|Any CPU
		{95DD2D6C-69C3-4F63-9338-D23A808910C8}.Release|Any CPU.Build.0 = Release|Any CPU
		{88819FE6-E6BA-4FD9-8BED-79F1714DFEF7}.Debug|Any CPU.ActiveCfg = Debug|Any CPU
		{88819FE6-E6BA-4FD9-8BED-79F1714DFEF7}.Debug|Any CPU.Build.0 = Debug|Any CPU
		{88819FE6-E6BA-4FD9-8BED-79F1714DFEF7}.Release|Any CPU.ActiveCfg = Release|Any CPU
		{88819FE6-E6BA-4FD9-8BED-79F1714DFEF7}.Release|Any CPU.Build.0 = Release|Any CPU
		{7CC5BBB5-754C-4761-85C8-7B088B34F3DF}.Debug|Any CPU.ActiveCfg = Debug|Any CPU
		{7CC5BBB5-754C-4761-85C8-7B088B34F3DF}.Debug|Any CPU.Build.0 = Debug|Any CPU
		{7CC5BBB5-754C-4761-85C8-7B088B34F3DF}.Release|Any CPU.ActiveCfg = Release|Any CPU
		{7CC5BBB5-754C-4761-85C8-7B088B34F3DF}.Release|Any CPU.Build.0 = Release|Any CPU
	EndGlobalSection
	GlobalSection(SolutionProperties) = preSolution
		HideSolutionNode = FALSE
	EndGlobalSection
	GlobalSection(ExtensibilityGlobals) = postSolution
		SolutionGuid = {09B49B3B-9874-43E8-86D0-6C6287C141CE}
	EndGlobalSection
EndGlobal
